
Microsoft Visual Studio Solution File, Format Version 12.00
# Visual Studio Version 16
VisualStudioVersion = 16.0.31729.503
MinimumVisualStudioVersion = 10.0.40219.1
Project("{FAE04EC0-301F-11D3-BF4B-00C04F79EFBC}") = "WebApplication4", "WebApplication4\WebApplication4.csproj", "{3DB1BB9D-C031-42E5-8EF1-2B42CD86E045}"
EndProject
Global
	GlobalSection(SolutionConfigurationPlatforms) = preSolution
		Debug|Any CPU = Debug|Any CPU
		Release|Any CPU = Release|Any CPU
	EndGlobalSection
	GlobalSection(ProjectConfigurationPlatforms) = postSolution
		{3DB1BB9D-C031-42E5-8EF1-2B42CD86E045}.Debug|Any CPU.ActiveCfg = Debug|Any CPU
		{3DB1BB9D-C031-42E5-8EF1-2B42CD86E045}.Debug|Any CPU.Build.0 = Debug|Any CPU
		{3DB1BB9D-C031-42E5-8EF1-2B42CD86E045}.Release|Any CPU.ActiveCfg = Release|Any CPU
		{3DB1BB9D-C031-42E5-8EF1-2B42CD86E045}.Release|Any CPU.Build.0 = Release|Any CPU
	EndGlobalSection
	GlobalSection(SolutionProperties) = preSolution
		HideSolutionNode = FALSE
	EndGlobalSection
	GlobalSection(ExtensibilityGlobals) = postSolution
		SolutionGuid = {15C9C214-A933-4B4C-8BE0-8B684EF4F1AB}
	EndGlobalSection
EndGlobal
